
Microsoft Visual Studio Solution File, Format Version 12.00
# Visual Studio Version 17
VisualStudioVersion = 17.13.35913.81 d17.13
MinimumVisualStudioVersion = 10.0.40219.1
Project("{FAE04EC0-301F-11D3-BF4B-00C04F79EFBC}") = "Bici-Proyecto", "Bici-Proyecto\Bici-Proyecto.csproj", "{E4A28401-4D57-4207-9E52-FD8DEE13FE8A}"
EndProject
Project("{FAE04EC0-301F-11D3-BF4B-00C04F79EFBC}") = "Logica", "Logica\Logica.csproj", "{BC5A9587-DBFD-4483-B4BE-5D30A00B2C24}"
EndProject
Project("{FAE04EC0-301F-11D3-BF4B-00C04F79EFBC}") = "Modelo", "Modelo\Modelo.csproj", "{ED7E78AF-23BC-4989-B81F-8E0C9B8DA32D}"
EndProject
Global
	GlobalSection(SolutionConfigurationPlatforms) = preSolution
		Debug|Any CPU = Debug|Any CPU
		Release|Any CPU = Release|Any CPU
	EndGlobalSection
	GlobalSection(ProjectConfigurationPlatforms) = postSolution
		{E4A28401-4D57-4207-9E52-FD8DEE13FE8A}.Debug|Any CPU.ActiveCfg = Debug|Any CPU
		{E4A28401-4D57-4207-9E52-FD8DEE13FE8A}.Debug|Any CPU.Build.0 = Debug|Any CPU
		{E4A28401-4D57-4207-9E52-FD8DEE13FE8A}.Release|Any CPU.ActiveCfg = Release|Any CPU
		{E4A28401-4D57-4207-9E52-FD8DEE13FE8A}.Release|Any CPU.Build.0 = Release|Any CPU
		{BC5A9587-DBFD-4483-B4BE-5D30A00B2C24}.Debug|Any CPU.ActiveCfg = Debug|Any CPU
		{BC5A9587-DBFD-4483-B4BE-5D30A00B2C24}.Debug|Any CPU.Build.0 = Debug|Any CPU
		{BC5A9587-DBFD-4483-B4BE-5D30A00B2C24}.Release|Any CPU.ActiveCfg = Release|Any CPU
		{BC5A9587-DBFD-4483-B4BE-5D30A00B2C24}.Release|Any CPU.Build.0 = Release|Any CPU
		{ED7E78AF-23BC-4989-B81F-8E0C9B8DA32D}.Debug|Any CPU.ActiveCfg = Debug|Any CPU
		{ED7E78AF-23BC-4989-B81F-8E0C9B8DA32D}.Debug|Any CPU.Build.0 = Debug|Any CPU
		{ED7E78AF-23BC-4989-B81F-8E0C9B8DA32D}.Release|Any CPU.ActiveCfg = Release|Any CPU
		{ED7E78AF-23BC-4989-B81F-8E0C9B8DA32D}.Release|Any CPU.Build.0 = Release|Any CPU
	EndGlobalSection
	GlobalSection(SolutionProperties) = preSolution
		HideSolutionNode = FALSE
	EndGlobalSection
	GlobalSection(ExtensibilityGlobals) = postSolution
		SolutionGuid = {7CE52408-330E-43FA-A064-AFC317A459A8}
	EndGlobalSection
EndGlobal
